
Microsoft Visual Studio Solution File, Format Version 12.00
# Visual Studio Version 17
VisualStudioVersion = 17.3.32825.248
MinimumVisualStudioVersion = 10.0.40219.1
Project("{FAE04EC0-301F-11D3-BF4B-00C04F79EFBC}") = "14.04.23 JK", "14.04.23 JK\14.04.23 JK.csproj", "{3A422B42-9A52-4357-A2C7-00153054F396}"
EndProject
Global
	GlobalSection(SolutionConfigurationPlatforms) = preSolution
		Debug|Any CPU = Debug|Any CPU
		Release|Any CPU = Release|Any CPU
	EndGlobalSection
	GlobalSection(ProjectConfigurationPlatforms) = postSolution
		{3A422B42-9A52-4357-A2C7-00153054F396}.Debug|Any CPU.ActiveCfg = Debug|Any CPU
		{3A422B42-9A52-4357-A2C7-00153054F396}.Debug|Any CPU.Build.0 = Debug|Any CPU
		{3A422B42-9A52-4357-A2C7-00153054F396}.Release|Any CPU.ActiveCfg = Release|Any CPU
		{3A422B42-9A52-4357-A2C7-00153054F396}.Release|Any CPU.Build.0 = Release|Any CPU
	EndGlobalSection
	GlobalSection(SolutionProperties) = preSolution
		HideSolutionNode = FALSE
	EndGlobalSection
	GlobalSection(ExtensibilityGlobals) = postSolution
		SolutionGuid = {30CA7323-BB13-4E16-B0F1-AE4F0FB092CB}
	EndGlobalSection
EndGlobal
